
Microsoft Visual Studio Solution File, Format Version 12.00
# Visual Studio Version 16
VisualStudioVersion = 16.0.30114.105
MinimumVisualStudioVersion = 10.0.40219.1
Project("{9A19103F-16F7-4668-BE54-9A1E7A4F7556}") = "async-think", "async-think.csproj", "{B3100C6F-2361-4FD8-92B9-B150EDDF7B81}"
EndProject
Global
	GlobalSection(SolutionConfigurationPlatforms) = preSolution
		Debug|Any CPU = Debug|Any CPU
		Release|Any CPU = Release|Any CPU
	EndGlobalSection
	GlobalSection(ProjectConfigurationPlatforms) = postSolution
		{B3100C6F-2361-4FD8-92B9-B150EDDF7B81}.Debug|Any CPU.ActiveCfg = Debug|Any CPU
		{B3100C6F-2361-4FD8-92B9-B150EDDF7B81}.Debug|Any CPU.Build.0 = Debug|Any CPU
		{B3100C6F-2361-4FD8-92B9-B150EDDF7B81}.Release|Any CPU.ActiveCfg = Release|Any CPU
		{B3100C6F-2361-4FD8-92B9-B150EDDF7B81}.Release|Any CPU.Build.0 = Release|Any CPU
	EndGlobalSection
	GlobalSection(SolutionProperties) = preSolution
		HideSolutionNode = FALSE
	EndGlobalSection
	GlobalSection(ExtensibilityGlobals) = postSolution
		SolutionGuid = {BA46B05A-BA7D-4F5A-8EA1-FE36A806B154}
	EndGlobalSection
EndGlobal
